
Microsoft Visual Studio Solution File, Format Version 12.00
# Visual Studio 2013
VisualStudioVersion = 12.0.31101.0
MinimumVisualStudioVersion = 10.0.40219.1
Project("{FAE04EC0-301F-11D3-BF4B-00C04F79EFBC}") = "ImageRecognitionLibrary", "ImageRecognitionLibrary\ImageRecognitionLibrary.csproj", "{71A24E99-52E1-439A-8C40-9E2FECD43EF2}"
EndProject
Project("{FAE04EC0-301F-11D3-BF4B-00C04F79EFBC}") = "LibraryTestingProgram", "LibraryTestingProgram\LibraryTestingProgram.csproj", "{4F3A11EE-EEF7-44B8-943B-1D1831F557A1}"
EndProject
Project("{FAE04EC0-301F-11D3-BF4B-00C04F79EFBC}") = "LibraryUnitTest", "LibraryUnitTest\LibraryUnitTest.csproj", "{846CC5E6-02CC-4689-93CF-C66E17100007}"
EndProject
Global
	GlobalSection(SolutionConfigurationPlatforms) = preSolution
		Debug|Any CPU = Debug|Any CPU
		Debug|Mixed Platforms = Debug|Mixed Platforms
		Debug|x64 = Debug|x64
		Debug|x86 = Debug|x86
		Release|Any CPU = Release|Any CPU
		Release|Mixed Platforms = Release|Mixed Platforms
		Release|x64 = Release|x64
		Release|x86 = Release|x86
	EndGlobalSection
	GlobalSection(ProjectConfigurationPlatforms) = postSolution
		{71A24E99-52E1-439A-8C40-9E2FECD43EF2}.Debug|Any CPU.ActiveCfg = Debug|Any CPU
		{71A24E99-52E1-439A-8C40-9E2FECD43EF2}.Debug|Any CPU.Build.0 = Debug|Any CPU
		{71A24E99-52E1-439A-8C40-9E2FECD43EF2}.Debug|Mixed Platforms.ActiveCfg = Debug|x86
		{71A24E99-52E1-439A-8C40-9E2FECD43EF2}.Debug|Mixed Platforms.Build.0 = Debug|x86
		{71A24E99-52E1-439A-8C40-9E2FECD43EF2}.Debug|x64.ActiveCfg = Debug|x64
		{71A24E99-52E1-439A-8C40-9E2FECD43EF2}.Debug|x64.Build.0 = Debug|x64
		{71A24E99-52E1-439A-8C40-9E2FECD43EF2}.Debug|x86.ActiveCfg = Debug|x86
		{71A24E99-52E1-439A-8C40-9E2FECD43EF2}.Debug|x86.Build.0 = Debug|x86
		{71A24E99-52E1-439A-8C40-9E2FECD43EF2}.Release|Any CPU.ActiveCfg = Release|Any CPU
		{71A24E99-52E1-439A-8C40-9E2FECD43EF2}.Release|Any CPU.Build.0 = Release|Any CPU
		{71A24E99-52E1-439A-8C40-9E2FECD43EF2}.Release|Mixed Platforms.ActiveCfg = Release|x86
		{71A24E99-52E1-439A-8C40-9E2FECD43EF2}.Release|Mixed Platforms.Build.0 = Release|x86
		{71A24E99-52E1-439A-8C40-9E2FECD43EF2}.Release|x64.ActiveCfg = Release|x64
		{71A24E99-52E1-439A-8C40-9E2FECD43EF2}.Release|x64.Build.0 = Release|x64
		{71A24E99-52E1-439A-8C40-9E2FECD43EF2}.Release|x86.ActiveCfg = Release|x86
		{71A24E99-52E1-439A-8C40-9E2FECD43EF2}.Release|x86.Build.0 = Release|x86
		{4F3A11EE-EEF7-44B8-943B-1D1831F557A1}.Debug|Any CPU.ActiveCfg = Debug|Any CPU
		{4F3A11EE-EEF7-44B8-943B-1D1831F557A1}.Debug|Any CPU.Build.0 = Debug|Any CPU
		{4F3A11EE-EEF7-44B8-943B-1D1831F557A1}.Debug|Mixed Platforms.ActiveCfg = Debug|x86
		{4F3A11EE-EEF7-44B8-943B-1D1831F557A1}.Debug|Mixed Platforms.Build.0 = Debug|x86
		{4F3A11EE-EEF7-44B8-943B-1D1831F557A1}.Debug|x64.ActiveCfg = Debug|x64
		{4F3A11EE-EEF7-44B8-943B-1D1831F557A1}.Debug|x64.Build.0 = Debug|x64
		{4F3A11EE-EEF7-44B8-943B-1D1831F557A1}.Debug|x86.ActiveCfg = Debug|x86
		{4F3A11EE-EEF7-44B8-943B-1D1831F557A1}.Debug|x86.Build.0 = Debug|x86
		{4F3A11EE-EEF7-44B8-943B-1D1831F557A1}.Release|Any CPU.ActiveCfg = Release|Any CPU
		{4F3A11EE-EEF7-44B8-943B-1D1831F557A1}.Release|Any CPU.Build.0 = Release|Any CPU
		{4F3A11EE-EEF7-44B8-943B-1D1831F557A1}.Release|Mixed Platforms.ActiveCfg = Release|x86
		{4F3A11EE-EEF7-44B8-943B-1D1831F557A1}.Release|Mixed Platforms.Build.0 = Release|x86
		{4F3A11EE-EEF7-44B8-943B-1D1831F557A1}.Release|x64.ActiveCfg = Release|x64
		{4F3A11EE-EEF7-44B8-943B-1D1831F557A1}.Release|x64.Build.0 = Release|x64
		{4F3A11EE-EEF7-44B8-943B-1D1831F557A1}.Release|x86.ActiveCfg = Release|x86
		{4F3A11EE-EEF7-44B8-943B-1D1831F557A1}.Release|x86.Build.0 = Release|x86
		{846CC5E6-02CC-4689-93CF-C66E17100007}.Debug|Any CPU.ActiveCfg = Debug|Any CPU
		{846CC5E6-02CC-4689-93CF-C66E17100007}.Debug|Any CPU.Build.0 = Debug|Any CPU
		{846CC5E6-02CC-4689-93CF-C66E17100007}.Debug|Mixed Platforms.ActiveCfg = Debug|x86
		{846CC5E6-02CC-4689-93CF-C66E17100007}.Debug|Mixed Platforms.Build.0 = Debug|x86
		{846CC5E6-02CC-4689-93CF-C66E17100007}.Debug|x64.ActiveCfg = Debug|x64
		{846CC5E6-02CC-4689-93CF-C66E17100007}.Debug|x64.Build.0 = Debug|x64
		{846CC5E6-02CC-4689-93CF-C66E17100007}.Debug|x86.ActiveCfg = Debug|x86
		{846CC5E6-02CC-4689-93CF-C66E17100007}.Debug|x86.Build.0 = Debug|x86
		{846CC5E6-02CC-4689-93CF-C66E17100007}.Release|Any CPU.ActiveCfg = Release|Any CPU
		{846CC5E6-02CC-4689-93CF-C66E17100007}.Release|Any CPU.Build.0 = Release|Any CPU
		{846CC5E6-02CC-4689-93CF-C66E17100007}.Release|Mixed Platforms.ActiveCfg = Release|x86
		{846CC5E6-02CC-4689-93CF-C66E17100007}.Release|Mixed Platforms.Build.0 = Release|x86
		{846CC5E6-02CC-4689-93CF-C66E17100007}.Release|x64.ActiveCfg = Release|x64
		{846CC5E6-02CC-4689-93CF-C66E17100007}.Release|x64.Build.0 = Release|x64
		{846CC5E6-02CC-4689-93CF-C66E17100007}.Release|x86.ActiveCfg = Release|x86
		{846CC5E6-02CC-4689-93CF-C66E17100007}.Release|x86.Build.0 = Release|x86
	EndGlobalSection
	GlobalSection(SolutionProperties) = preSolution
		HideSolutionNode = FALSE
	EndGlobalSection
EndGlobal
